
Microsoft Visual Studio Solution File, Format Version 12.00
# Visual Studio Version 17
VisualStudioVersion = 17.10.34928.147
MinimumVisualStudioVersion = 10.0.40219.1
Project("{FAE04EC0-301F-11D3-BF4B-00C04F79EFBC}") = "GetYoutubeVideo", "GetYoutubeVideo.csproj", "{EB4FC491-C1A7-4DD5-A3B3-90A66F1E1E6B}"
EndProject
Global
	GlobalSection(SolutionConfigurationPlatforms) = preSolution
		Debug|Any CPU = Debug|Any CPU
		Release|Any CPU = Release|Any CPU
	EndGlobalSection
	GlobalSection(ProjectConfigurationPlatforms) = postSolution
		{EB4FC491-C1A7-4DD5-A3B3-90A66F1E1E6B}.Debug|Any CPU.ActiveCfg = Debug|Any CPU
		{EB4FC491-C1A7-4DD5-A3B3-90A66F1E1E6B}.Debug|Any CPU.Build.0 = Debug|Any CPU
		{EB4FC491-C1A7-4DD5-A3B3-90A66F1E1E6B}.Release|Any CPU.ActiveCfg = Release|Any CPU
		{EB4FC491-C1A7-4DD5-A3B3-90A66F1E1E6B}.Release|Any CPU.Build.0 = Release|Any CPU
	EndGlobalSection
	GlobalSection(SolutionProperties) = preSolution
		HideSolutionNode = FALSE
	EndGlobalSection
	GlobalSection(ExtensibilityGlobals) = postSolution
		SolutionGuid = {5B413BE1-8F83-429F-868B-269D925C26CA}
	EndGlobalSection
EndGlobal
